
Microsoft Visual Studio Solution File, Format Version 12.00
# Visual Studio Version 17
VisualStudioVersion = 17.2.32630.192
MinimumVisualStudioVersion = 10.0.40219.1
Project("{FAE04EC0-301F-11D3-BF4B-00C04F79EFBC}") = "WebAPI", "WebAPI\WebAPI.csproj", "{843CDA3C-CEA2-4B73-A1EB-656D75AE03AF}"
EndProject
Project("{FAE04EC0-301F-11D3-BF4B-00C04F79EFBC}") = "Business", "Business\Business.csproj", "{40DA12F6-2B5F-4533-B6FA-D68D70D4725E}"
EndProject
Project("{FAE04EC0-301F-11D3-BF4B-00C04F79EFBC}") = "DataAccess", "DataAccess\DataAccess.csproj", "{59300AB8-1ECD-4F59-97F0-DCBBC3B1FE7D}"
EndProject
Project("{FAE04EC0-301F-11D3-BF4B-00C04F79EFBC}") = "Core", "Core\Core.csproj", "{9B114408-6862-4EBA-A100-20CA715D4266}"
EndProject
Project("{FAE04EC0-301F-11D3-BF4B-00C04F79EFBC}") = "Entities", "Entities\Entities.csproj", "{A7D1D655-B5E2-4356-A2C5-057D3FB3FB79}"
EndProject
Global
	GlobalSection(SolutionConfigurationPlatforms) = preSolution
		Debug|Any CPU = Debug|Any CPU
		Release|Any CPU = Release|Any CPU
	EndGlobalSection
	GlobalSection(ProjectConfigurationPlatforms) = postSolution
		{843CDA3C-CEA2-4B73-A1EB-656D75AE03AF}.Debug|Any CPU.ActiveCfg = Debug|Any CPU
		{843CDA3C-CEA2-4B73-A1EB-656D75AE03AF}.Debug|Any CPU.Build.0 = Debug|Any CPU
		{843CDA3C-CEA2-4B73-A1EB-656D75AE03AF}.Release|Any CPU.ActiveCfg = Release|Any CPU
		{843CDA3C-CEA2-4B73-A1EB-656D75AE03AF}.Release|Any CPU.Build.0 = Release|Any CPU
		{40DA12F6-2B5F-4533-B6FA-D68D70D4725E}.Debug|Any CPU.ActiveCfg = Debug|Any CPU
		{40DA12F6-2B5F-4533-B6FA-D68D70D4725E}.Debug|Any CPU.Build.0 = Debug|Any CPU
		{40DA12F6-2B5F-4533-B6FA-D68D70D4725E}.Release|Any CPU.ActiveCfg = Release|Any CPU
		{40DA12F6-2B5F-4533-B6FA-D68D70D4725E}.Release|Any CPU.Build.0 = Release|Any CPU
		{59300AB8-1ECD-4F59-97F0-DCBBC3B1FE7D}.Debug|Any CPU.ActiveCfg = Debug|Any CPU
		{59300AB8-1ECD-4F59-97F0-DCBBC3B1FE7D}.Debug|Any CPU.Build.0 = Debug|Any CPU
		{59300AB8-1ECD-4F59-97F0-DCBBC3B1FE7D}.Release|Any CPU.ActiveCfg = Release|Any CPU
		{59300AB8-1ECD-4F59-97F0-DCBBC3B1FE7D}.Release|Any CPU.Build.0 = Release|Any CPU
		{9B114408-6862-4EBA-A100-20CA715D4266}.Debug|Any CPU.ActiveCfg = Debug|Any CPU
		{9B114408-6862-4EBA-A100-20CA715D4266}.Debug|Any CPU.Build.0 = Debug|Any CPU
		{9B114408-6862-4EBA-A100-20CA715D4266}.Release|Any CPU.ActiveCfg = Release|Any CPU
		{9B114408-6862-4EBA-A100-20CA715D4266}.Release|Any CPU.Build.0 = Release|Any CPU
		{A7D1D655-B5E2-4356-A2C5-057D3FB3FB79}.Debug|Any CPU.ActiveCfg = Debug|Any CPU
		{A7D1D655-B5E2-4356-A2C5-057D3FB3FB79}.Debug|Any CPU.Build.0 = Debug|Any CPU
		{A7D1D655-B5E2-4356-A2C5-057D3FB3FB79}.Release|Any CPU.ActiveCfg = Release|Any CPU
		{A7D1D655-B5E2-4356-A2C5-057D3FB3FB79}.Release|Any CPU.Build.0 = Release|Any CPU
	EndGlobalSection
	GlobalSection(SolutionProperties) = preSolution
		HideSolutionNode = FALSE
	EndGlobalSection
	GlobalSection(ExtensibilityGlobals) = postSolution
		SolutionGuid = {CC83DF83-3A44-4532-9883-CD4E02B75137}
	EndGlobalSection
EndGlobal
